
Microsoft Visual Studio Solution File, Format Version 12.00
# Visual Studio 15
Project("{FAE04EC0-301F-11D3-BF4B-00C04F79EFBC}") = "Assembly-CSharp", "Assembly-CSharp.csproj", "{84F05BAA-0AF5-9FE4-77F4-815388FCC69E}"
EndProject
Project("{FAE04EC0-301F-11D3-BF4B-00C04F79EFBC}") = "Assembly-CSharp-Editor", "Assembly-CSharp-Editor.csproj", "{45265EEA-98AE-B67A-DAC2-022A48E97C4E}"
EndProject
Global
	GlobalSection(SolutionConfigurationPlatforms) = preSolution
		Debug|Any CPU = Debug|Any CPU
		Release|Any CPU = Release|Any CPU
	EndGlobalSection
	GlobalSection(ProjectConfigurationPlatforms) = postSolution
		{84F05BAA-0AF5-9FE4-77F4-815388FCC69E}.Debug|Any CPU.ActiveCfg = Debug|Any CPU
		{84F05BAA-0AF5-9FE4-77F4-815388FCC69E}.Debug|Any CPU.Build.0 = Debug|Any CPU
		{84F05BAA-0AF5-9FE4-77F4-815388FCC69E}.Release|Any CPU.ActiveCfg = Release|Any CPU
		{84F05BAA-0AF5-9FE4-77F4-815388FCC69E}.Release|Any CPU.Build.0 = Release|Any CPU
		{45265EEA-98AE-B67A-DAC2-022A48E97C4E}.Debug|Any CPU.ActiveCfg = Debug|Any CPU
		{45265EEA-98AE-B67A-DAC2-022A48E97C4E}.Debug|Any CPU.Build.0 = Debug|Any CPU
		{45265EEA-98AE-B67A-DAC2-022A48E97C4E}.Release|Any CPU.ActiveCfg = Release|Any CPU
		{45265EEA-98AE-B67A-DAC2-022A48E97C4E}.Release|Any CPU.Build.0 = Release|Any CPU
	EndGlobalSection
	GlobalSection(SolutionProperties) = preSolution
		HideSolutionNode = FALSE
	EndGlobalSection
EndGlobal
